
Microsoft Visual Studio Solution File, Format Version 12.00
# Visual Studio 15
VisualStudioVersion = 15.0.27130.2036
MinimumVisualStudioVersion = 10.0.40219.1
Project("{FAE04EC0-301F-11D3-BF4B-00C04F79EFBC}") = "PitchDetector", "PitchDetector\PitchDetector.csproj", "{AE2069B9-9AC6-4DF8-840C-6310F877A898}"
EndProject
Project("{FAE04EC0-301F-11D3-BF4B-00C04F79EFBC}") = "UtagoeGui", "UtagoeGui\UtagoeGui.csproj", "{2EBA4DA1-AA87-451F-BAAE-1344152A01CA}"
EndProject
Project("{2150E333-8FDC-42A3-9474-1A3956D46DE8}") = "歌唱位置推定", "歌唱位置推定", "{1E91317A-C9A6-45E2-8496-89F32D143290}"
EndProject
Project("{FAE04EC0-301F-11D3-BF4B-00C04F79EFBC}") = "ToneSeriesMatching", "ToneSeriesMatching\ToneSeriesMatching.csproj", "{83D2B89D-5B06-4E6D-9A15-FC45E936A9D1}"
EndProject
Project("{FAE04EC0-301F-11D3-BF4B-00C04F79EFBC}") = "HmmMatching", "HmmMatching\HmmMatching.csproj", "{6F2016E5-1B90-42B9-9434-F7E4BDF84279}"
EndProject
Project("{FAE04EC0-301F-11D3-BF4B-00C04F79EFBC}") = "KeyEstimation", "KeyEstimation\KeyEstimation.csproj", "{2C0A071A-08C1-4062-B4CF-C8D6636F441C}"
EndProject
Project("{FAE04EC0-301F-11D3-BF4B-00C04F79EFBC}") = "Kutny.Common", "Kutny.Common\Kutny.Common.csproj", "{9C9BC2BC-5956-4EE0-AB89-B5B7D5B68757}"
EndProject
Project("{FAE04EC0-301F-11D3-BF4B-00C04F79EFBC}") = "Kutny.WpfInfra", "Kutny.WpfInfra\Kutny.WpfInfra.csproj", "{8FF8F00C-AFC5-4966-8770-45D816FC7050}"
EndProject
Project("{2150E333-8FDC-42A3-9474-1A3956D46DE8}") = "自動ハモり", "自動ハモり", "{DF28B8BB-2638-4639-BF29-5E03B38C0523}"
EndProject
Global
	GlobalSection(SolutionConfigurationPlatforms) = preSolution
		Debug|Any CPU = Debug|Any CPU
		Release|Any CPU = Release|Any CPU
	EndGlobalSection
	GlobalSection(ProjectConfigurationPlatforms) = postSolution
		{AE2069B9-9AC6-4DF8-840C-6310F877A898}.Debug|Any CPU.ActiveCfg = Debug|Any CPU
		{AE2069B9-9AC6-4DF8-840C-6310F877A898}.Debug|Any CPU.Build.0 = Debug|Any CPU
		{AE2069B9-9AC6-4DF8-840C-6310F877A898}.Release|Any CPU.ActiveCfg = Release|Any CPU
		{AE2069B9-9AC6-4DF8-840C-6310F877A898}.Release|Any CPU.Build.0 = Release|Any CPU
		{2EBA4DA1-AA87-451F-BAAE-1344152A01CA}.Debug|Any CPU.ActiveCfg = Debug|Any CPU
		{2EBA4DA1-AA87-451F-BAAE-1344152A01CA}.Debug|Any CPU.Build.0 = Debug|Any CPU
		{2EBA4DA1-AA87-451F-BAAE-1344152A01CA}.Release|Any CPU.ActiveCfg = Release|Any CPU
		{2EBA4DA1-AA87-451F-BAAE-1344152A01CA}.Release|Any CPU.Build.0 = Release|Any CPU
		{83D2B89D-5B06-4E6D-9A15-FC45E936A9D1}.Debug|Any CPU.ActiveCfg = Debug|Any CPU
		{83D2B89D-5B06-4E6D-9A15-FC45E936A9D1}.Debug|Any CPU.Build.0 = Debug|Any CPU
		{83D2B89D-5B06-4E6D-9A15-FC45E936A9D1}.Release|Any CPU.ActiveCfg = Release|Any CPU
		{83D2B89D-5B06-4E6D-9A15-FC45E936A9D1}.Release|Any CPU.Build.0 = Release|Any CPU
		{6F2016E5-1B90-42B9-9434-F7E4BDF84279}.Debug|Any CPU.ActiveCfg = Debug|Any CPU
		{6F2016E5-1B90-42B9-9434-F7E4BDF84279}.Debug|Any CPU.Build.0 = Debug|Any CPU
		{6F2016E5-1B90-42B9-9434-F7E4BDF84279}.Release|Any CPU.ActiveCfg = Release|Any CPU
		{6F2016E5-1B90-42B9-9434-F7E4BDF84279}.Release|Any CPU.Build.0 = Release|Any CPU
		{2C0A071A-08C1-4062-B4CF-C8D6636F441C}.Debug|Any CPU.ActiveCfg = Debug|Any CPU
		{2C0A071A-08C1-4062-B4CF-C8D6636F441C}.Debug|Any CPU.Build.0 = Debug|Any CPU
		{2C0A071A-08C1-4062-B4CF-C8D6636F441C}.Release|Any CPU.ActiveCfg = Release|Any CPU
		{2C0A071A-08C1-4062-B4CF-C8D6636F441C}.Release|Any CPU.Build.0 = Release|Any CPU
		{9C9BC2BC-5956-4EE0-AB89-B5B7D5B68757}.Debug|Any CPU.ActiveCfg = Debug|Any CPU
		{9C9BC2BC-5956-4EE0-AB89-B5B7D5B68757}.Debug|Any CPU.Build.0 = Debug|Any CPU
		{9C9BC2BC-5956-4EE0-AB89-B5B7D5B68757}.Release|Any CPU.ActiveCfg = Release|Any CPU
		{9C9BC2BC-5956-4EE0-AB89-B5B7D5B68757}.Release|Any CPU.Build.0 = Release|Any CPU
		{8FF8F00C-AFC5-4966-8770-45D816FC7050}.Debug|Any CPU.ActiveCfg = Debug|Any CPU
		{8FF8F00C-AFC5-4966-8770-45D816FC7050}.Debug|Any CPU.Build.0 = Debug|Any CPU
		{8FF8F00C-AFC5-4966-8770-45D816FC7050}.Release|Any CPU.ActiveCfg = Release|Any CPU
		{8FF8F00C-AFC5-4966-8770-45D816FC7050}.Release|Any CPU.Build.0 = Release|Any CPU
	EndGlobalSection
	GlobalSection(SolutionProperties) = preSolution
		HideSolutionNode = FALSE
	EndGlobalSection
	GlobalSection(NestedProjects) = preSolution
		{83D2B89D-5B06-4E6D-9A15-FC45E936A9D1} = {1E91317A-C9A6-45E2-8496-89F32D143290}
		{6F2016E5-1B90-42B9-9434-F7E4BDF84279} = {1E91317A-C9A6-45E2-8496-89F32D143290}
		{2C0A071A-08C1-4062-B4CF-C8D6636F441C} = {DF28B8BB-2638-4639-BF29-5E03B38C0523}
	EndGlobalSection
	GlobalSection(ExtensibilityGlobals) = postSolution
		SolutionGuid = {77186408-2589-4159-86B2-03429E375F53}
	EndGlobalSection
EndGlobal
